// !$*UTF8*$!
{
	archiveVersion = 1;
	classes = {
	};
	objectVersion = 77;
	objects = {

/* Begin PBXBuildFile section */
		CBD52ACB2E92BD3000949FD9 /* CocoaMQTT in Frameworks */ = {isa = PBXBuildFile; productRef = CBD52ACA2E92BD3000949FD9 /* CocoaMQTT */; };
/* End PBXBuildFile section */

/* Begin PBXContainerItemProxy section */
		CBD52AA32E92BC0800949FD9 /* PBXContainerItemProxy */ = {
			isa = PBXContainerItemProxy;
			containerPortal = CBD52A8A2E92BC0400949FD9 /* Project object */;
			proxyType = 1;
			remoteGlobalIDString = CBD52A912E92BC0400949FD9;
			remoteInfo = LoSAS;
		};
		CBD52AAD2E92BC0800949FD9 /* PBXContainerItemProxy */ = {
			isa = PBXContainerItemProxy;
			containerPortal = CBD52A8A2E92BC0400949FD9 /* Project object */;
			proxyType = 1;
			remoteGlobalIDString = CBD52A912E92BC0400949FD9;
			remoteInfo = LoSAS;
		};
/* End PBXContainerItemProxy section */

/* Begin PBXFileReference section */
		CBD52A922E92BC0400949FD9 /* LoSAS.app */ = {isa = PBXFileReference; explicitFileType = wrapper.application; includeInIndex = 0; path = LoSAS.app; sourceTree = BUILT_PRODUCTS_DIR; };
		CBD52AA22E92BC0800949FD9 /* LoSASTests.xctest */ = {isa = PBXFileReference; explicitFileType = wrapper.cfbundle; includeInIndex = 0; path = LoSASTests.xctest; sourceTree = BUILT_PRODUCTS_DIR; };
		CBD52AAC2E92BC0800949FD9 /* LoSASUITests.xctest */ = {isa = PBXFileReference; explicitFileType = wrapper.cfbundle; includeInIndex = 0; path = LoSASUITests.xctest; sourceTree = BUILT_PRODUCTS_DIR; };
/* End PBXFileReference section */

/* Begin PBXFileSystemSynchronizedBuildFileExceptionSet section */
		CBD52ACD2E92BDAA00949FD9 /* Exceptions for "LoSAS" folder in "LoSAS" target */ = {
			isa = PBXFileSystemSynchronizedBuildFileExceptionSet;
			membershipExceptions = (
				Info.plist,
			);
			target = CBD52A912E92BC0400949FD9 /* LoSAS */;
		};
/* End PBXFileSystemSynchronizedBuildFileExceptionSet section */

/* Begin PBXFileSystemSynchronizedRootGroup section */
		CBD52A942E92BC0400949FD9 /* LoSAS */ = {
			isa = PBXFileSystemSynchronizedRootGroup;
			exceptions = (
				CBD52ACD2E92BDAA00949FD9 /* Exceptions for "LoSAS" folder in "LoSAS" target */,
			);
			path = LoSAS;
			sourceTree = "<group>";
		};
		CBD52AA52E92BC0800949FD9 /* LoSASTests */ = {
			isa = PBXFileSystemSynchronizedRootGroup;
			path = LoSASTests;
			sourceTree = "<group>";
		};
		CBD52AAF2E92BC0800949FD9 /* LoSASUITests */ = {
			isa = PBXFileSystemSynchronizedRootGroup;
			path = LoSASUITests;
			sourceTree = "<group>";
		};
/* End PBXFileSystemSynchronizedRootGroup section */

/* Begin PBXFrameworksBuildPhase section */
		CBD52A8F2E92BC0400949FD9 /* Frameworks */ = {
			isa = PBXFrameworksBuildPhase;
			buildActionMask = 2147483647;
			files = (
				CBD52ACB2E92BD3000949FD9 /* CocoaMQTT in Frameworks */,
			);
			runOnlyForDeploymentPostprocessing = 0;
		};
		CBD52A9F2E92BC0800949FD9 /* Frameworks */ = {
			isa = PBXFrameworksBuildPhase;
			buildActionMask = 2147483647;
			files = (
			);
			runOnlyForDeploymentPostprocessing = 0;
		};
		CBD52AA92E92BC0800949FD9 /* Frameworks */ = {
			isa = PBXFrameworksBuildPhase;
			buildActionMask = 2147483647;
			files = (
			);
			runOnlyForDeploymentPostprocessing = 0;
		};
/* End PBXFrameworksBuildPhase section */

/* Begin PBXGroup section */
		CBD52A892E92BC0400949FD9 = {
			isa = PBXGroup;
			children = (
				CBD52A942E92BC0400949FD9 /* LoSAS */,
				CBD52AA52E92BC0800949FD9 /* LoSASTests */,
				CBD52AAF2E92BC0800949FD9 /* LoSASUITests */,
				CBD52A932E92BC0400949FD9 /* Products */,
			);
			sourceTree = "<group>";
		};
		CBD52A932E92BC0400949FD9 /* Products */ = {
			isa = PBXGroup;
			children = (
				CBD52A922E92BC0400949FD9 /* LoSAS.app */,
				CBD52AA22E92BC0800949FD9 /* LoSASTests.xctest */,
				CBD52AAC2E92BC0800949FD9 /* LoSASUITests.xctest */,
			);
			name = Products;
			sourceTree = "<group>";
		};
/* End PBXGroup section */

/* Begin PBXNativeTarget section */
		CBD52A912E92BC0400949FD9 /* LoSAS */ = {
			isa = PBXNativeTarget;
			buildConfigurationList = CBD52AB62E92BC0800949FD9 /* Build configuration list for PBXNativeTarget "LoSAS" */;
			buildPhases = (
				CBD52A8E2E92BC0400949FD9 /* Sources */,
				CBD52A8F2E92BC0400949FD9 /* Frameworks */,
				CBD52A902E92BC0400949FD9 /* Resources */,
			);
			buildRules = (
			);
			dependencies = (
			);
			fileSystemSynchronizedGroups = (
				CBD52A942E92BC0400949FD9 /* LoSAS */,
			);
			name = LoSAS;
			packageProductDependencies = (
				CBD52ACA2E92BD3000949FD9 /* CocoaMQTT */,
			);
			productName = LoSAS;
			productReference = CBD52A922E92BC0400949FD9 /* LoSAS.app */;
			productType = "com.apple.product-type.application";
		};
		CBD52AA12E92BC0800949FD9 /* LoSASTests */ = {
			isa = PBXNativeTarget;
			buildConfigurationList = CBD52AB92E92BC0800949FD9 /* Build configuration list for PBXNativeTarget "LoSASTests" */;
			buildPhases = (
				CBD52A9E2E92BC0800949FD9 /* Sources */,
				CBD52A9F2E92BC0800949FD9 /* Frameworks */,
				CBD52AA02E92BC0800949FD9 /* Resources */,
			);
			buildRules = (
			);
			dependencies = (
				CBD52AA42E92BC0800949FD9 /* PBXTargetDependency */,
			);
			fileSystemSynchronizedGroups = (
				CBD52AA52E92BC0800949FD9 /* LoSASTests */,
			);
			name = LoSASTests;
			packageProductDependencies = (
			);
			productName = LoSASTests;
			productReference = CBD52AA22E92BC0800949FD9 /* LoSASTests.xctest */;
			productType = "com.apple.product-type.bundle.unit-test";
		};
		CBD52AAB2E92BC0800949FD9 /* LoSASUITests */ = {
			isa = PBXNativeTarget;
			buildConfigurationList = CBD52ABC2E92BC0800949FD9 /* Build configuration list for PBXNativeTarget "LoSASUITests" */;
			buildPhases = (
				CBD52AA82E92BC0800949FD9 /* Sources */,
				CBD52AA92E92BC0800949FD9 /* Frameworks */,
				CBD52AAA2E92BC0800949FD9 /* Resources */,
			);
			buildRules = (
			);
			dependencies = (
				CBD52AAE2E92BC0800949FD9 /* PBXTargetDependency */,
			);
			fileSystemSynchronizedGroups = (
				CBD52AAF2E92BC0800949FD9 /* LoSASUITests */,
			);
			name = LoSASUITests;
			packageProductDependencies = (
			);
			productName = LoSASUITests;
			productReference = CBD52AAC2E92BC0800949FD9 /* LoSASUITests.xctest */;
			productType = "com.apple.product-type.bundle.ui-testing";
		};
/* End PBXNativeTarget section */

/* Begin PBXProject section */
		CBD52A8A2E92BC0400949FD9 /* Project object */ = {
			isa = PBXProject;
			attributes = {
				BuildIndependentTargetsInParallel = 1;
				LastSwiftUpdateCheck = 1620;
				LastUpgradeCheck = 1620;
				TargetAttributes = {
					CBD52A912E92BC0400949FD9 = {
						CreatedOnToolsVersion = 16.2;
					};
					CBD52AA12E92BC0800949FD9 = {
						CreatedOnToolsVersion = 16.2;
						TestTargetID = CBD52A912E92BC0400949FD9;
					};
					CBD52AAB2E92BC0800949FD9 = {
						CreatedOnToolsVersion = 16.2;
						TestTargetID = CBD52A912E92BC0400949FD9;
					};
				};
			};
			buildConfigurationList = CBD52A8D2E92BC0400949FD9 /* Build configuration list for PBXProject "LoSAS" */;
			developmentRegion = en;
			hasScannedForEncodings = 0;
			knownRegions = (
				en,
				Base,
			);
			mainGroup = CBD52A892E92BC0400949FD9;
			minimizedProjectReferenceProxies = 1;
			packageReferences = (
				CBD52AC92E92BD3000949FD9 /* XCRemoteSwiftPackageReference "CocoaMQTT" */,
			);
			preferredProjectObjectVersion = 77;
			productRefGroup = CBD52A932E92BC0400949FD9 /* Products */;
			projectDirPath = "";
			projectRoot = "";
			targets = (
				CBD52A912E92BC0400949FD9 /* LoSAS */,
				CBD52AA12E92BC0800949FD9 /* LoSASTests */,
				CBD52AAB2E92BC0800949FD9 /* LoSASUITests */,
			);
		};
/* End PBXProject section */

/* Begin PBXResourcesBuildPhase section */
		CBD52A902E92BC0400949FD9 /* Resources */ = {
			isa = PBXResourcesBuildPhase;
			buildActionMask = 2147483647;
			files = (
			);
			runOnlyForDeploymentPostprocessing = 0;
		};
		CBD52AA02E92BC0800949FD9 /* Resources */ = {
			isa = PBXResourcesBuildPhase;
			buildActionMask = 2147483647;
			files = (
			);
			runOnlyForDeploymentPostprocessing = 0;
		};
		CBD52AAA2E92BC0800949FD9 /* Resources */ = {
			isa = PBXResourcesBuildPhase;
			buildActionMask = 2147483647;
			files = (
			);
			runOnlyForDeploymentPostprocessing = 0;
		};
/* End PBXResourcesBuildPhase section */

/* Begin PBXSourcesBuildPhase section */
		CBD52A8E2E92BC0400949FD9 /* Sources */ = {
			isa = PBXSourcesBuildPhase;
			buildActionMask = 2147483647;
			files = (
			);
			runOnlyForDeploymentPostprocessing = 0;
		};
		CBD52A9E2E92BC0800949FD9 /* Sources */ = {
			isa = PBXSourcesBuildPhase;
			buildActionMask = 2147483647;
			files = (
			);
			runOnlyForDeploymentPostprocessing = 0;
		};
		CBD52AA82E92BC0800949FD9 /* Sources */ = {
			isa = PBXSourcesBuildPhase;
			buildActionMask = 2147483647;
			files = (
			);
			runOnlyForDeploymentPostprocessing = 0;
		};
/* End PBXSourcesBuildPhase section */

/* Begin PBXTargetDependency section */
		CBD52AA42E92BC0800949FD9 /* PBXTargetDependency */ = {
			isa = PBXTargetDependency;
			target = CBD52A912E92BC0400949FD9 /* LoSAS */;
			targetProxy = CBD52AA32E92BC0800949FD9 /* PBXContainerItemProxy */;
		};
		CBD52AAE2E92BC0800949FD9 /* PBXTargetDependency */ = {
			isa = PBXTargetDependency;
			target = CBD52A912E92BC0400949FD9 /* LoSAS */;
			targetProxy = CBD52AAD2E92BC0800949FD9 /* PBXContainerItemProxy */;
		};
/* End PBXTargetDependency section */

/* Begin XCBuildConfiguration section */
		CBD52AB42E92BC0800949FD9 /* Debug */ = {
			isa = XCBuildConfiguration;
			buildSettings = {
				ALWAYS_SEARCH_USER_PATHS = NO;
				ASSETCATALOG_COMPILER_GENERATE_SWIFT_ASSET_SYMBOL_EXTENSIONS = YES;
				CLANG_ANALYZER_NONNULL = YES;
				CLANG_ANALYZER_NUMBER_OBJECT_CONVERSION = YES_AGGRESSIVE;
				CLANG_CXX_LANGUAGE_STANDARD = "gnu++20";
				CLANG_ENABLE_MODULES = YES;
				CLANG_ENABLE_OBJC_ARC = YES;
				CLANG_ENABLE_OBJC_WEAK = YES;
				CLANG_WARN_BLOCK_CAPTURE_AUTORELEASING = YES;
				CLANG_WARN_BOOL_CONVERSION = YES;
				CLANG_WARN_COMMA = YES;
				CLANG_WARN_CONSTANT_CONVERSION = YES;
				CLANG_WARN_DEPRECATED_OBJC_IMPLEMENTATIONS = YES;
				CLANG_WARN_DIRECT_OBJC_ISA_USAGE = YES_ERROR;
				CLANG_WARN_DOCUMENTATION_COMMENTS = YES;
				CLANG_WARN_EMPTY_BODY = YES;
				CLANG_WARN_ENUM_CONVERSION = YES;
				CLANG_WARN_INFINITE_RECURSION = YES;
				CLANG_WARN_INT_CONVERSION = YES;
				CLANG_WARN_NON_LITERAL_NULL_CONVERSION = YES;
				CLANG_WARN_OBJC_IMPLICIT_RETAIN_SELF = YES;
				CLANG_WARN_OBJC_LITERAL_CONVERSION = YES;
				CLANG_WARN_OBJC_ROOT_CLASS = YES_ERROR;
				CLANG_WARN_QUOTED_INCLUDE_IN_FRAMEWORK_HEADER = YES;
				CLANG_WARN_RANGE_LOOP_ANALYSIS = YES;
				CLANG_WARN_STRICT_PROTOTYPES = YES;
				CLANG_WARN_SUSPICIOUS_MOVE = YES;
				CLANG_WARN_UNGUARDED_AVAILABILITY = YES_AGGRESSIVE;
				CLANG_WARN_UNREACHABLE_CODE = YES;
				CLANG_WARN__DUPLICATE_METHOD_MATCH = YES;
				COPY_PHASE_STRIP = NO;
				DEBUG_INFORMATION_FORMAT = dwarf;
				ENABLE_STRICT_OBJC_MSGSEND = YES;
				ENABLE_TESTABILITY = YES;
				ENABLE_USER_SCRIPT_SANDBOXING = YES;
				GCC_C_LANGUAGE_STANDARD = gnu17;
				GCC_DYNAMIC_NO_PIC = NO;
				GCC_NO_COMMON_BLOCKS = YES;
				GCC_OPTIMIZATION_LEVEL = 0;
				GCC_PREPROCESSOR_DEFINITIONS = (
					"DEBUG=1",
					"$(inherited)",
				);
				GCC_WARN_64_TO_32_BIT_CONVERSION = YES;
				GCC_WARN_ABOUT_RETURN_TYPE = YES_ERROR;
				GCC_WARN_UNDECLARED_SELECTOR = YES;
				GCC_WARN_UNINITIALIZED_AUTOS = YES_AGGRESSIVE;
				GCC_WARN_UNUSED_FUNCTION = YES;
				GCC_WARN_UNUSED_VARIABLE = YES;
				IPHONEOS_DEPLOYMENT_TARGET = 18.2;
				LOCALIZATION_PREFERS_STRING_CATALOGS = YES;
				MTL_ENABLE_DEBUG_INFO = INCLUDE_SOURCE;
				MTL_FAST_MATH = YES;
				ONLY_ACTIVE_ARCH = YES;
				SDKROOT = iphoneos;
				SWIFT_ACTIVE_COMPILATION_CONDITIONS = "DEBUG $(inherited)";
				SWIFT_OPTIMIZATION_LEVEL = "-Onone";
			};
			name = Debug;
		};
		CBD52AB52E92BC0800949FD9 /* Release */ = {
			isa = XCBuildConfiguration;
			buildSettings = {
				ALWAYS_SEARCH_USER_PATHS = NO;
				ASSETCATALOG_COMPILER_GENERATE_SWIFT_ASSET_SYMBOL_EXTENSIONS = YES;
				CLANG_ANALYZER_NONNULL = YES;
				CLANG_ANALYZER_NUMBER_OBJECT_CONVERSION = YES_AGGRESSIVE;
				CLANG_CXX_LANGUAGE_STANDARD = "gnu++20";
				CLANG_ENABLE_MODULES = YES;
				CLANG_ENABLE_OBJC_ARC = YES;
				CLANG_ENABLE_OBJC_WEAK = YES;
				CLANG_WARN_BLOCK_CAPTURE_AUTORELEASING = YES;
				CLANG_WARN_BOOL_CONVERSION = YES;
				CLANG_WARN_COMMA = YES;
				CLANG_WARN_CONSTANT_CONVERSION = YES;
				CLANG_WARN_DEPRECATED_OBJC_IMPLEMENTATIONS = YES;
				CLANG_WARN_DIRECT_OBJC_ISA_USAGE = YES_ERROR;
				CLANG_WARN_DOCUMENTATION_COMMENTS = YES;
				CLANG_WARN_EMPTY_BODY = YES;
				CLANG_WARN_ENUM_CONVERSION = YES;
				CLANG_WARN_INFINITE_RECURSION = YES;
				CLANG_WARN_INT_CONVERSION = YES;
				CLANG_WARN_NON_LITERAL_NULL_CONVERSION = YES;
				CLANG_WARN_OBJC_IMPLICIT_RETAIN_SELF = YES;
				CLANG_WARN_OBJC_LITERAL_CONVERSION = YES;
				CLANG_WARN_OBJC_ROOT_CLASS = YES_ERROR;
				CLANG_WARN_QUOTED_INCLUDE_IN_FRAMEWORK_HEADER = YES;
				CLANG_WARN_RANGE_LOOP_ANALYSIS = YES;
				CLANG_WARN_STRICT_PROTOTYPES = YES;
				CLANG_WARN_SUSPICIOUS_MOVE = YES;
				CLANG_WARN_UNGUARDED_AVAILABILITY = YES_AGGRESSIVE;
				CLANG_WARN_UNREACHABLE_CODE = YES;
				CLANG_WARN__DUPLICATE_METHOD_MATCH = YES;
				COPY_PHASE_STRIP = NO;
				DEBUG_INFORMATION_FORMAT = "dwarf-with-dsym";
				ENABLE_NS_ASSERTIONS = NO;
				ENABLE_STRICT_OBJC_MSGSEND = YES;
				ENABLE_USER_SCRIPT_SANDBOXING = YES;
				GCC_C_LANGUAGE_STANDARD = gnu17;
				GCC_NO_COMMON_BLOCKS = YES;
				GCC_WARN_64_TO_32_BIT_CONVERSION = YES;
				GCC_WARN_ABOUT_RETURN_TYPE = YES_ERROR;
				GCC_WARN_UNDECLARED_SELECTOR = YES;
				GCC_WARN_UNINITIALIZED_AUTOS = YES_AGGRESSIVE;
				GCC_WARN_UNUSED_FUNCTION = YES;
				GCC_WARN_UNUSED_VARIABLE = YES;
				IPHONEOS_DEPLOYMENT_TARGET = 18.2;
				LOCALIZATION_PREFERS_STRING_CATALOGS = YES;
				MTL_ENABLE_DEBUG_INFO = NO;
				MTL_FAST_MATH = YES;
				SDKROOT = iphoneos;
				SWIFT_COMPILATION_MODE = wholemodule;
				VALIDATE_PRODUCT = YES;
			};
			name = Release;
		};
		CBD52AB72E92BC0800949FD9 /* Debug */ = {
			isa = XCBuildConfiguration;
			buildSettings = {
				ASSETCATALOG_COMPILER_APPICON_NAME = AppIcon;
				ASSETCATALOG_COMPILER_GLOBAL_ACCENT_COLOR_NAME = AccentColor;
				CODE_SIGN_STYLE = Automatic;
				CURRENT_PROJECT_VERSION = 1;
				DEVELOPMENT_ASSET_PATHS = "\"LoSAS/Preview Content\"";
				DEVELOPMENT_TEAM = TP35L26A5C;
				ENABLE_PREVIEWS = YES;
				GENERATE_INFOPLIST_FILE = YES;
				INFOPLIST_FILE = LoSAS/Info.plist;
				INFOPLIST_KEY_UIApplicationSceneManifest_Generation = YES;
				INFOPLIST_KEY_UIApplicationSupportsIndirectInputEvents = YES;
				INFOPLIST_KEY_UILaunchScreen_Generation = YES;
				INFOPLIST_KEY_UISupportedInterfaceOrientations_iPad = "UIInterfaceOrientationPortrait UIInterfaceOrientationPortraitUpsideDown UIInterfaceOrientationLandscapeLeft UIInterfaceOrientationLandscapeRight";
				INFOPLIST_KEY_UISupportedInterfaceOrientations_iPhone = "UIInterfaceOrientationPortrait UIInterfaceOrientationLandscapeLeft UIInterfaceOrientationLandscapeRight";
				LD_RUNPATH_SEARCH_PATHS = (
					"$(inherited)",
					"@executable_path/Frameworks",
				);
				MARKETING_VERSION = 1.0;
				PRODUCT_BUNDLE_IDENTIFIER = com.Kayn.LoSAS;
				PRODUCT_NAME = "$(TARGET_NAME)";
				SWIFT_EMIT_LOC_STRINGS = YES;
				SWIFT_VERSION = 5.0;
				TARGETED_DEVICE_FAMILY = "1,2";
			};
			name = Debug;
		};
		CBD52AB82E92BC0800949FD9 /* Release */ = {
			isa = XCBuildConfiguration;
			buildSettings = {
				ASSETCATALOG_COMPILER_APPICON_NAME = AppIcon;
				ASSETCATALOG_COMPILER_GLOBAL_ACCENT_COLOR_NAME = AccentColor;
				CODE_SIGN_STYLE = Automatic;
				CURRENT_PROJECT_VERSION = 1;
				DEVELOPMENT_ASSET_PATHS = "\"LoSAS/Preview Content\"";
				DEVELOPMENT_TEAM = TP35L26A5C;
				ENABLE_PREVIEWS = YES;
				GENERATE_INFOPLIST_FILE = YES;
				INFOPLIST_FILE = LoSAS/Info.plist;
				INFOPLIST_KEY_UIApplicationSceneManifest_Generation = YES;
				INFOPLIST_KEY_UIApplicationSupportsIndirectInputEvents = YES;
				INFOPLIST_KEY_UILaunchScreen_Generation = YES;
				INFOPLIST_KEY_UISupportedInterfaceOrientations_iPad = "UIInterfaceOrientationPortrait UIInterfaceOrientationPortraitUpsideDown UIInterfaceOrientationLandscapeLeft UIInterfaceOrientationLandscapeRight";
				INFOPLIST_KEY_UISupportedInterfaceOrientations_iPhone = "UIInterfaceOrientationPortrait UIInterfaceOrientationLandscapeLeft UIInterfaceOrientationLandscapeRight";
				LD_RUNPATH_SEARCH_PATHS = (
					"$(inherited)",
					"@executable_path/Frameworks",
				);
				MARKETING_VERSION = 1.0;
				PRODUCT_BUNDLE_IDENTIFIER = com.Kayn.LoSAS;
				PRODUCT_NAME = "$(TARGET_NAME)";
				SWIFT_EMIT_LOC_STRINGS = YES;
				SWIFT_VERSION = 5.0;
				TARGETED_DEVICE_FAMILY = "1,2";
			};
			name = Release;
		};
		CBD52ABA2E92BC0800949FD9 /* Debug */ = {
			isa = XCBuildConfiguration;
			buildSettings = {
				BUNDLE_LOADER = "$(TEST_HOST)";
				CODE_SIGN_STYLE = Automatic;
				CURRENT_PROJECT_VERSION = 1;
				DEVELOPMENT_TEAM = TP35L26A5C;
				GENERATE_INFOPLIST_FILE = YES;
				IPHONEOS_DEPLOYMENT_TARGET = 18.2;
				MARKETING_VERSION = 1.0;
				PRODUCT_BUNDLE_IDENTIFIER = com.Kayn.LoSASTests;
				PRODUCT_NAME = "$(TARGET_NAME)";
				SWIFT_EMIT_LOC_STRINGS = NO;
				SWIFT_VERSION = 5.0;
				TARGETED_DEVICE_FAMILY = "1,2";
				TEST_HOST = "$(BUILT_PRODUCTS_DIR)/LoSAS.app/$(BUNDLE_EXECUTABLE_FOLDER_PATH)/LoSAS";
			};
			name = Debug;
		};
		CBD52ABB2E92BC0800949FD9 /* Release */ = {
			isa = XCBuildConfiguration;
			buildSettings = {
				BUNDLE_LOADER = "$(TEST_HOST)";
				CODE_SIGN_STYLE = Automatic;
				CURRENT_PROJECT_VERSION = 1;
				DEVELOPMENT_TEAM = TP35L26A5C;
				GENERATE_INFOPLIST_FILE = YES;
				IPHONEOS_DEPLOYMENT_TARGET = 18.2;
				MARKETING_VERSION = 1.0;
				PRODUCT_BUNDLE_IDENTIFIER = com.Kayn.LoSASTests;
				PRODUCT_NAME = "$(TARGET_NAME)";
				SWIFT_EMIT_LOC_STRINGS = NO;
				SWIFT_VERSION = 5.0;
				TARGETED_DEVICE_FAMILY = "1,2";
				TEST_HOST = "$(BUILT_PRODUCTS_DIR)/LoSAS.app/$(BUNDLE_EXECUTABLE_FOLDER_PATH)/LoSAS";
			};
			name = Release;
		};
		CBD52ABD2E92BC0800949FD9 /* Debug */ = {
			isa = XCBuildConfiguration;
			buildSettings = {
				CODE_SIGN_STYLE = Automatic;
				CURRENT_PROJECT_VERSION = 1;
				DEVELOPMENT_TEAM = TP35L26A5C;
				GENERATE_INFOPLIST_FILE = YES;
				MARKETING_VERSION = 1.0;
				PRODUCT_BUNDLE_IDENTIFIER = com.Kayn.LoSASUITests;
				PRODUCT_NAME = "$(TARGET_NAME)";
				SWIFT_EMIT_LOC_STRINGS = NO;
				SWIFT_VERSION = 5.0;
				TARGETED_DEVICE_FAMILY = "1,2";
				TEST_TARGET_NAME = LoSAS;
			};
			name = Debug;
		};
		CBD52ABE2E92BC0800949FD9 /* Release */ = {
			isa = XCBuildConfiguration;
			buildSettings = {
				CODE_SIGN_STYLE = Automatic;
				CURRENT_PROJECT_VERSION = 1;
				DEVELOPMENT_TEAM = TP35L26A5C;
				GENERATE_INFOPLIST_FILE = YES;
				MARKETING_VERSION = 1.0;
				PRODUCT_BUNDLE_IDENTIFIER = com.Kayn.LoSASUITests;
				PRODUCT_NAME = "$(TARGET_NAME)";
				SWIFT_EMIT_LOC_STRINGS = NO;
				SWIFT_VERSION = 5.0;
				TARGETED_DEVICE_FAMILY = "1,2";
				TEST_TARGET_NAME = LoSAS;
			};
			name = Release;
		};
/* End XCBuildConfiguration section */

/* Begin XCConfigurationList section */
		CBD52A8D2E92BC0400949FD9 /* Build configuration list for PBXProject "LoSAS" */ = {
			isa = XCConfigurationList;
			buildConfigurations = (
				CBD52AB42E92BC0800949FD9 /* Debug */,
				CBD52AB52E92BC0800949FD9 /* Release */,
			);
			defaultConfigurationIsVisible = 0;
			defaultConfigurationName = Release;
		};
		CBD52AB62E92BC0800949FD9 /* Build configuration list for PBXNativeTarget "LoSAS" */ = {
			isa = XCConfigurationList;
			buildConfigurations = (
				CBD52AB72E92BC0800949FD9 /* Debug */,
				CBD52AB82E92BC0800949FD9 /* Release */,
			);
			defaultConfigurationIsVisible = 0;
			defaultConfigurationName = Release;
		};
		CBD52AB92E92BC0800949FD9 /* Build configuration list for PBXNativeTarget "LoSASTests" */ = {
			isa = XCConfigurationList;
			buildConfigurations = (
				CBD52ABA2E92BC0800949FD9 /* Debug */,
				CBD52ABB2E92BC0800949FD9 /* Release */,
			);
			defaultConfigurationIsVisible = 0;
			defaultConfigurationName = Release;
		};
		CBD52ABC2E92BC0800949FD9 /* Build configuration list for PBXNativeTarget "LoSASUITests" */ = {
			isa = XCConfigurationList;
			buildConfigurations = (
				CBD52ABD2E92BC0800949FD9 /* Debug */,
				CBD52ABE2E92BC0800949FD9 /* Release */,
			);
			defaultConfigurationIsVisible = 0;
			defaultConfigurationName = Release;
		};
/* End XCConfigurationList section */

/* Begin XCRemoteSwiftPackageReference section */
		CBD52AC92E92BD3000949FD9 /* XCRemoteSwiftPackageReference "CocoaMQTT" */ = {
			isa = XCRemoteSwiftPackageReference;
			repositoryURL = "https://github.com/emqx/CocoaMQTT";
			requirement = {
				kind = upToNextMajorVersion;
				minimumVersion = 2.1.9;
			};
		};
/* End XCRemoteSwiftPackageReference section */

/* Begin XCSwiftPackageProductDependency section */
		CBD52ACA2E92BD3000949FD9 /* CocoaMQTT */ = {
			isa = XCSwiftPackageProductDependency;
			package = CBD52AC92E92BD3000949FD9 /* XCRemoteSwiftPackageReference "CocoaMQTT" */;
			productName = CocoaMQTT;
		};
/* End XCSwiftPackageProductDependency section */
	};
	rootObject = CBD52A8A2E92BC0400949FD9 /* Project object */;
}
